// !$*UTF8*$!
{
	archiveVersion = 1;
	classes = {
	};
	objectVersion = 46;
	objects = {

/* Begin PBXBuildFile section */
		9F6141101DA7357100FD7393 /* main.m in Sources */ = {isa = PBXBuildFile; fileRef = 9F61410F1DA7357100FD7393 /* main.m */; };
		9F6141131DA7357100FD7393 /* AppDelegate.m in Sources */ = {isa = PBXBuildFile; fileRef = 9F6141121DA7357100FD7393 /* AppDelegate.m */; };
		9F61411B1DA7357100FD7393 /* Assets.xcassets in Resources */ = {isa = PBXBuildFile; fileRef = 9F61411A1DA7357100FD7393 /* Assets.xcassets */; };
		9F61411E1DA7357100FD7393 /* LaunchScreen.storyboard in Resources */ = {isa = PBXBuildFile; fileRef = 9F61411C1DA7357100FD7393 /* LaunchScreen.storyboard */; };
		9F6141291DA7357100FD7393 /* ____Tests.m in Sources */ = {isa = PBXBuildFile; fileRef = 9F6141281DA7357100FD7393 /* ____Tests.m */; };
		9F6141341DA7357100FD7393 /* ____UITests.m in Sources */ = {isa = PBXBuildFile; fileRef = 9F6141331DA7357100FD7393 /* ____UITests.m */; };
		9F6141461DA7422400FD7393 /* ZDCTabBarController.m in Sources */ = {isa = PBXBuildFile; fileRef = 9F6141451DA7422400FD7393 /* ZDCTabBarController.m */; };
		9F61414D1DA74F1300FD7393 /* UIView+Extension.m in Sources */ = {isa = PBXBuildFile; fileRef = 9F61414C1DA74F1300FD7393 /* UIView+Extension.m */; };
		9F6141501DA753C000FD7393 /* ZDCNavigationController.m in Sources */ = {isa = PBXBuildFile; fileRef = 9F61414F1DA753C000FD7393 /* ZDCNavigationController.m */; };
		9F6141531DA7593400FD7393 /* UIBarButtonItem+Extension.m in Sources */ = {isa = PBXBuildFile; fileRef = 9F6141521DA7593400FD7393 /* UIBarButtonItem+Extension.m */; };
		9F61415B1DA7640A00FD7393 /* ZDCHomeViewController.m in Sources */ = {isa = PBXBuildFile; fileRef = 9F61415A1DA7640A00FD7393 /* ZDCHomeViewController.m */; };
		9F61415E1DA7643900FD7393 /* ZDCMessageViewController.m in Sources */ = {isa = PBXBuildFile; fileRef = 9F61415D1DA7643900FD7393 /* ZDCMessageViewController.m */; };
		9F6141611DA7644700FD7393 /* ZDCDiscoverViewController.m in Sources */ = {isa = PBXBuildFile; fileRef = 9F6141601DA7644700FD7393 /* ZDCDiscoverViewController.m */; };
		9F6141641DA7645200FD7393 /* ZDCProfileViewController.m in Sources */ = {isa = PBXBuildFile; fileRef = 9F6141631DA7645200FD7393 /* ZDCProfileViewController.m */; };
		9F61416B1DA77DDE00FD7393 /* ZDCSearchBar.m in Sources */ = {isa = PBXBuildFile; fileRef = 9F61416A1DA77DDE00FD7393 /* ZDCSearchBar.m */; };
		9F61416F1DA78F3B00FD7393 /* ZDCDropdownMenu.m in Sources */ = {isa = PBXBuildFile; fileRef = 9F61416E1DA78F3B00FD7393 /* ZDCDropdownMenu.m */; };
		9F6141721DA795D800FD7393 /* ZDCTitleViewController.m in Sources */ = {isa = PBXBuildFile; fileRef = 9F6141711DA795D800FD7393 /* ZDCTitleViewController.m */; };
		9F6141751DA7A51B00FD7393 /* ZDCTabBar.m in Sources */ = {isa = PBXBuildFile; fileRef = 9F6141741DA7A51B00FD7393 /* ZDCTabBar.m */; };
		9F61417A1DA7B51B00FD7393 /* ZDCNewFeatrueViewController.m in Sources */ = {isa = PBXBuildFile; fileRef = 9F6141791DA7B51B00FD7393 /* ZDCNewFeatrueViewController.m */; };
/* End PBXBuildFile section */

/* Begin PBXContainerItemProxy section */
		9F6141251DA7357100FD7393 /* PBXContainerItemProxy */ = {
			isa = PBXContainerItemProxy;
			containerPortal = 9F6141031DA7357100FD7393 /* Project object */;
			proxyType = 1;
			remoteGlobalIDString = 9F61410A1DA7357100FD7393;
			remoteInfo = "我的新浪";
		};
		9F6141301DA7357100FD7393 /* PBXContainerItemProxy */ = {
			isa = PBXContainerItemProxy;
			containerPortal = 9F6141031DA7357100FD7393 /* Project object */;
			proxyType = 1;
			remoteGlobalIDString = 9F61410A1DA7357100FD7393;
			remoteInfo = "我的新浪";
		};
/* End PBXContainerItemProxy section */

/* Begin PBXFileReference section */
		9F61410B1DA7357100FD7393 /* 我的新浪.app */ = {isa = PBXFileReference; explicitFileType = wrapper.application; includeInIndex = 0; path = "我的新浪.app"; sourceTree = BUILT_PRODUCTS_DIR; };
		9F61410F1DA7357100FD7393 /* main.m */ = {isa = PBXFileReference; lastKnownFileType = sourcecode.c.objc; path = main.m; sourceTree = "<group>"; };
		9F6141111DA7357100FD7393 /* AppDelegate.h */ = {isa = PBXFileReference; lastKnownFileType = sourcecode.c.h; path = AppDelegate.h; sourceTree = "<group>"; };
		9F6141121DA7357100FD7393 /* AppDelegate.m */ = {isa = PBXFileReference; lastKnownFileType = sourcecode.c.objc; path = AppDelegate.m; sourceTree = "<group>"; };
		9F61411A1DA7357100FD7393 /* Assets.xcassets */ = {isa = PBXFileReference; lastKnownFileType = folder.assetcatalog; path = Assets.xcassets; sourceTree = "<group>"; };
		9F61411D1DA7357100FD7393 /* Base */ = {isa = PBXFileReference; lastKnownFileType = file.storyboard; name = Base; path = Base.lproj/LaunchScreen.storyboard; sourceTree = "<group>"; };
		9F61411F1DA7357100FD7393 /* Info.plist */ = {isa = PBXFileReference; lastKnownFileType = text.plist.xml; path = Info.plist; sourceTree = "<group>"; };
		9F6141241DA7357100FD7393 /* 我的新浪Tests.xctest */ = {isa = PBXFileReference; explicitFileType = wrapper.cfbundle; includeInIndex = 0; path = "我的新浪Tests.xctest"; sourceTree = BUILT_PRODUCTS_DIR; };
		9F6141281DA7357100FD7393 /* ____Tests.m */ = {isa = PBXFileReference; lastKnownFileType = sourcecode.c.objc; path = "____Tests.m"; sourceTree = "<group>"; };
		9F61412A1DA7357100FD7393 /* Info.plist */ = {isa = PBXFileReference; lastKnownFileType = text.plist.xml; path = Info.plist; sourceTree = "<group>"; };
		9F61412F1DA7357100FD7393 /* 我的新浪UITests.xctest */ = {isa = PBXFileReference; explicitFileType = wrapper.cfbundle; includeInIndex = 0; path = "我的新浪UITests.xctest"; sourceTree = BUILT_PRODUCTS_DIR; };
		9F6141331DA7357100FD7393 /* ____UITests.m */ = {isa = PBXFileReference; lastKnownFileType = sourcecode.c.objc; path = "____UITests.m"; sourceTree = "<group>"; };
		9F6141351DA7357100FD7393 /* Info.plist */ = {isa = PBXFileReference; lastKnownFileType = text.plist.xml; path = Info.plist; sourceTree = "<group>"; };
		9F6141441DA7422400FD7393 /* ZDCTabBarController.h */ = {isa = PBXFileReference; fileEncoding = 4; lastKnownFileType = sourcecode.c.h; path = ZDCTabBarController.h; sourceTree = "<group>"; };
		9F6141451DA7422400FD7393 /* ZDCTabBarController.m */ = {isa = PBXFileReference; fileEncoding = 4; lastKnownFileType = sourcecode.c.objc; path = ZDCTabBarController.m; sourceTree = "<group>"; };
		9F61414A1DA74B8300FD7393 /* Header.h */ = {isa = PBXFileReference; lastKnownFileType = sourcecode.c.h; path = Header.h; sourceTree = "<group>"; };
		9F61414B1DA74F1300FD7393 /* UIView+Extension.h */ = {isa = PBXFileReference; fileEncoding = 4; lastKnownFileType = sourcecode.c.h; path = "UIView+Extension.h"; sourceTree = "<group>"; };
		9F61414C1DA74F1300FD7393 /* UIView+Extension.m */ = {isa = PBXFileReference; fileEncoding = 4; lastKnownFileType = sourcecode.c.objc; path = "UIView+Extension.m"; sourceTree = "<group>"; };
		9F61414E1DA753C000FD7393 /* ZDCNavigationController.h */ = {isa = PBXFileReference; fileEncoding = 4; lastKnownFileType = sourcecode.c.h; path = ZDCNavigationController.h; sourceTree = "<group>"; };
		9F61414F1DA753C000FD7393 /* ZDCNavigationController.m */ = {isa = PBXFileReference; fileEncoding = 4; lastKnownFileType = sourcecode.c.objc; path = ZDCNavigationController.m; sourceTree = "<group>"; };
		9F6141511DA7593400FD7393 /* UIBarButtonItem+Extension.h */ = {isa = PBXFileReference; fileEncoding = 4; lastKnownFileType = sourcecode.c.h; path = "UIBarButtonItem+Extension.h"; sourceTree = "<group>"; };
		9F6141521DA7593400FD7393 /* UIBarButtonItem+Extension.m */ = {isa = PBXFileReference; fileEncoding = 4; lastKnownFileType = sourcecode.c.objc; path = "UIBarButtonItem+Extension.m"; sourceTree = "<group>"; };
		9F6141591DA7640A00FD7393 /* ZDCHomeViewController.h */ = {isa = PBXFileReference; fileEncoding = 4; lastKnownFileType = sourcecode.c.h; path = ZDCHomeViewController.h; sourceTree = "<group>"; };
		9F61415A1DA7640A00FD7393 /* ZDCHomeViewController.m */ = {isa = PBXFileReference; fileEncoding = 4; lastKnownFileType = sourcecode.c.objc; path = ZDCHomeViewController.m; sourceTree = "<group>"; };
		9F61415C1DA7643900FD7393 /* ZDCMessageViewController.h */ = {isa = PBXFileReference; fileEncoding = 4; lastKnownFileType = sourcecode.c.h; path = ZDCMessageViewController.h; sourceTree = "<group>"; };
		9F61415D1DA7643900FD7393 /* ZDCMessageViewController.m */ = {isa = PBXFileReference; fileEncoding = 4; lastKnownFileType = sourcecode.c.objc; path = ZDCMessageViewController.m; sourceTree = "<group>"; };
		9F61415F1DA7644700FD7393 /* ZDCDiscoverViewController.h */ = {isa = PBXFileReference; fileEncoding = 4; lastKnownFileType = sourcecode.c.h; path = ZDCDiscoverViewController.h; sourceTree = "<group>"; };
		9F6141601DA7644700FD7393 /* ZDCDiscoverViewController.m */ = {isa = PBXFileReference; fileEncoding = 4; lastKnownFileType = sourcecode.c.objc; path = ZDCDiscoverViewController.m; sourceTree = "<group>"; };
		9F6141621DA7645200FD7393 /* ZDCProfileViewController.h */ = {isa = PBXFileReference; fileEncoding = 4; lastKnownFileType = sourcecode.c.h; path = ZDCProfileViewController.h; sourceTree = "<group>"; };
		9F6141631DA7645200FD7393 /* ZDCProfileViewController.m */ = {isa = PBXFileReference; fileEncoding = 4; lastKnownFileType = sourcecode.c.objc; path = ZDCProfileViewController.m; sourceTree = "<group>"; };
		9F6141691DA77DDE00FD7393 /* ZDCSearchBar.h */ = {isa = PBXFileReference; fileEncoding = 4; lastKnownFileType = sourcecode.c.h; path = ZDCSearchBar.h; sourceTree = "<group>"; };
		9F61416A1DA77DDE00FD7393 /* ZDCSearchBar.m */ = {isa = PBXFileReference; fileEncoding = 4; lastKnownFileType = sourcecode.c.objc; path = ZDCSearchBar.m; sourceTree = "<group>"; };
		9F61416D1DA78F3B00FD7393 /* ZDCDropdownMenu.h */ = {isa = PBXFileReference; fileEncoding = 4; lastKnownFileType = sourcecode.c.h; path = ZDCDropdownMenu.h; sourceTree = "<group>"; };
		9F61416E1DA78F3B00FD7393 /* ZDCDropdownMenu.m */ = {isa = PBXFileReference; fileEncoding = 4; lastKnownFileType = sourcecode.c.objc; path = ZDCDropdownMenu.m; sourceTree = "<group>"; };
		9F6141701DA795D800FD7393 /* ZDCTitleViewController.h */ = {isa = PBXFileReference; fileEncoding = 4; lastKnownFileType = sourcecode.c.h; path = ZDCTitleViewController.h; sourceTree = "<group>"; };
		9F6141711DA795D800FD7393 /* ZDCTitleViewController.m */ = {isa = PBXFileReference; fileEncoding = 4; lastKnownFileType = sourcecode.c.objc; path = ZDCTitleViewController.m; sourceTree = "<group>"; };
		9F6141731DA7A51B00FD7393 /* ZDCTabBar.h */ = {isa = PBXFileReference; fileEncoding = 4; lastKnownFileType = sourcecode.c.h; path = ZDCTabBar.h; sourceTree = "<group>"; };
		9F6141741DA7A51B00FD7393 /* ZDCTabBar.m */ = {isa = PBXFileReference; fileEncoding = 4; lastKnownFileType = sourcecode.c.objc; path = ZDCTabBar.m; sourceTree = "<group>"; };
		9F6141781DA7B51B00FD7393 /* ZDCNewFeatrueViewController.h */ = {isa = PBXFileReference; fileEncoding = 4; lastKnownFileType = sourcecode.c.h; path = ZDCNewFeatrueViewController.h; sourceTree = "<group>"; };
		9F6141791DA7B51B00FD7393 /* ZDCNewFeatrueViewController.m */ = {isa = PBXFileReference; fileEncoding = 4; lastKnownFileType = sourcecode.c.objc; path = ZDCNewFeatrueViewController.m; sourceTree = "<group>"; };
/* End PBXFileReference section */

/* Begin PBXFrameworksBuildPhase section */
		9F6141081DA7357100FD7393 /* Frameworks */ = {
			isa = PBXFrameworksBuildPhase;
			buildActionMask = 2147483647;
			files = (
			);
			runOnlyForDeploymentPostprocessing = 0;
		};
		9F6141211DA7357100FD7393 /* Frameworks */ = {
			isa = PBXFrameworksBuildPhase;
			buildActionMask = 2147483647;
			files = (
			);
			runOnlyForDeploymentPostprocessing = 0;
		};
		9F61412C1DA7357100FD7393 /* Frameworks */ = {
			isa = PBXFrameworksBuildPhase;
			buildActionMask = 2147483647;
			files = (
			);
			runOnlyForDeploymentPostprocessing = 0;
		};
/* End PBXFrameworksBuildPhase section */

/* Begin PBXGroup section */
		9F6141021DA7357100FD7393 = {
			isa = PBXGroup;
			children = (
				9F61410D1DA7357100FD7393 /* 我的新浪 */,
				9F6141271DA7357100FD7393 /* 我的新浪Tests */,
				9F6141321DA7357100FD7393 /* 我的新浪UITests */,
				9F61410C1DA7357100FD7393 /* Products */,
			);
			sourceTree = "<group>";
		};
		9F61410C1DA7357100FD7393 /* Products */ = {
			isa = PBXGroup;
			children = (
				9F61410B1DA7357100FD7393 /* 我的新浪.app */,
				9F6141241DA7357100FD7393 /* 我的新浪Tests.xctest */,
				9F61412F1DA7357100FD7393 /* 我的新浪UITests.xctest */,
			);
			name = Products;
			sourceTree = "<group>";
		};
		9F61410D1DA7357100FD7393 /* 我的新浪 */ = {
			isa = PBXGroup;
			children = (
				9F6141111DA7357100FD7393 /* AppDelegate.h */,
				9F6141121DA7357100FD7393 /* AppDelegate.m */,
				9F6141761DA7B4EF00FD7393 /* NewFeature */,
				9F6141581DA763B300FD7393 /* Profile */,
				9F6141571DA763A700FD7393 /* Discover */,
				9F6141561DA7639C00FD7393 /* Message */,
				9F6141551DA7638B00FD7393 /* Home */,
				9F6141541DA7637600FD7393 /* Main */,
				9F61414B1DA74F1300FD7393 /* UIView+Extension.h */,
				9F61414C1DA74F1300FD7393 /* UIView+Extension.m */,
				9F6141511DA7593400FD7393 /* UIBarButtonItem+Extension.h */,
				9F6141521DA7593400FD7393 /* UIBarButtonItem+Extension.m */,
				9F61414A1DA74B8300FD7393 /* Header.h */,
				9F61411A1DA7357100FD7393 /* Assets.xcassets */,
				9F61411C1DA7357100FD7393 /* LaunchScreen.storyboard */,
				9F61411F1DA7357100FD7393 /* Info.plist */,
				9F61410E1DA7357100FD7393 /* Supporting Files */,
			);
			path = "我的新浪";
			sourceTree = "<group>";
		};
		9F61410E1DA7357100FD7393 /* Supporting Files */ = {
			isa = PBXGroup;
			children = (
				9F61410F1DA7357100FD7393 /* main.m */,
			);
			name = "Supporting Files";
			sourceTree = "<group>";
		};
		9F6141271DA7357100FD7393 /* 我的新浪Tests */ = {
			isa = PBXGroup;
			children = (
				9F6141281DA7357100FD7393 /* ____Tests.m */,
				9F61412A1DA7357100FD7393 /* Info.plist */,
			);
			path = "我的新浪Tests";
			sourceTree = "<group>";
		};
		9F6141321DA7357100FD7393 /* 我的新浪UITests */ = {
			isa = PBXGroup;
			children = (
				9F6141331DA7357100FD7393 /* ____UITests.m */,
				9F6141351DA7357100FD7393 /* Info.plist */,
			);
			path = "我的新浪UITests";
			sourceTree = "<group>";
		};
		9F6141541DA7637600FD7393 /* Main */ = {
			isa = PBXGroup;
			children = (
				9F6141441DA7422400FD7393 /* ZDCTabBarController.h */,
				9F6141451DA7422400FD7393 /* ZDCTabBarController.m */,
				9F61414E1DA753C000FD7393 /* ZDCNavigationController.h */,
				9F61414F1DA753C000FD7393 /* ZDCNavigationController.m */,
				9F61416C1DA77DE700FD7393 /* View */,
			);
			name = Main;
			sourceTree = "<group>";
		};
		9F6141551DA7638B00FD7393 /* Home */ = {
			isa = PBXGroup;
			children = (
				9F6141681DA7656B00FD7393 /* Controller */,
			);
			name = Home;
			sourceTree = "<group>";
		};
		9F6141561DA7639C00FD7393 /* Message */ = {
			isa = PBXGroup;
			children = (
				9F6141671DA7656200FD7393 /* Controller */,
			);
			name = Message;
			sourceTree = "<group>";
		};
		9F6141571DA763A700FD7393 /* Discover */ = {
			isa = PBXGroup;
			children = (
				9F6141661DA7655600FD7393 /* Controller */,
			);
			name = Discover;
			sourceTree = "<group>";
		};
		9F6141581DA763B300FD7393 /* Profile */ = {
			isa = PBXGroup;
			children = (
				9F6141651DA7654B00FD7393 /* Controller */,
			);
			name = Profile;
			sourceTree = "<group>";
		};
		9F6141651DA7654B00FD7393 /* Controller */ = {
			isa = PBXGroup;
			children = (
				9F6141621DA7645200FD7393 /* ZDCProfileViewController.h */,
				9F6141631DA7645200FD7393 /* ZDCProfileViewController.m */,
			);
			name = Controller;
			sourceTree = "<group>";
		};
		9F6141661DA7655600FD7393 /* Controller */ = {
			isa = PBXGroup;
			children = (
				9F61415F1DA7644700FD7393 /* ZDCDiscoverViewController.h */,
				9F6141601DA7644700FD7393 /* ZDCDiscoverViewController.m */,
			);
			name = Controller;
			sourceTree = "<group>";
		};
		9F6141671DA7656200FD7393 /* Controller */ = {
			isa = PBXGroup;
			children = (
				9F61415C1DA7643900FD7393 /* ZDCMessageViewController.h */,
				9F61415D1DA7643900FD7393 /* ZDCMessageViewController.m */,
			);
			name = Controller;
			sourceTree = "<group>";
		};
		9F6141681DA7656B00FD7393 /* Controller */ = {
			isa = PBXGroup;
			children = (
				9F6141591DA7640A00FD7393 /* ZDCHomeViewController.h */,
				9F61415A1DA7640A00FD7393 /* ZDCHomeViewController.m */,
				9F6141701DA795D800FD7393 /* ZDCTitleViewController.h */,
				9F6141711DA795D800FD7393 /* ZDCTitleViewController.m */,
			);
			name = Controller;
			sourceTree = "<group>";
		};
		9F61416C1DA77DE700FD7393 /* View */ = {
			isa = PBXGroup;
			children = (
				9F6141691DA77DDE00FD7393 /* ZDCSearchBar.h */,
				9F61416A1DA77DDE00FD7393 /* ZDCSearchBar.m */,
				9F61416D1DA78F3B00FD7393 /* ZDCDropdownMenu.h */,
				9F61416E1DA78F3B00FD7393 /* ZDCDropdownMenu.m */,
				9F6141731DA7A51B00FD7393 /* ZDCTabBar.h */,
				9F6141741DA7A51B00FD7393 /* ZDCTabBar.m */,
			);
			name = View;
			sourceTree = "<group>";
		};
		9F6141761DA7B4EF00FD7393 /* NewFeature */ = {
			isa = PBXGroup;
			children = (
				9F6141771DA7B4FC00FD7393 /* Controller */,
			);
			name = NewFeature;
			sourceTree = "<group>";
		};
		9F6141771DA7B4FC00FD7393 /* Controller */ = {
			isa = PBXGroup;
			children = (
				9F6141781DA7B51B00FD7393 /* ZDCNewFeatrueViewController.h */,
				9F6141791DA7B51B00FD7393 /* ZDCNewFeatrueViewController.m */,
			);
			name = Controller;
			sourceTree = "<group>";
		};
/* End PBXGroup section */

/* Begin PBXNativeTarget section */
		9F61410A1DA7357100FD7393 /* 我的新浪 */ = {
			isa = PBXNativeTarget;
			buildConfigurationList = 9F6141381DA7357100FD7393 /* Build configuration list for PBXNativeTarget "我的新浪" */;
			buildPhases = (
				9F6141071DA7357100FD7393 /* Sources */,
				9F6141081DA7357100FD7393 /* Frameworks */,
				9F6141091DA7357100FD7393 /* Resources */,
			);
			buildRules = (
			);
			dependencies = (
			);
			name = "我的新浪";
			productName = "我的新浪";
			productReference = 9F61410B1DA7357100FD7393 /* 我的新浪.app */;
			productType = "com.apple.product-type.application";
		};
		9F6141231DA7357100FD7393 /* 我的新浪Tests */ = {
			isa = PBXNativeTarget;
			buildConfigurationList = 9F61413B1DA7357100FD7393 /* Build configuration list for PBXNativeTarget "我的新浪Tests" */;
			buildPhases = (
				9F6141201DA7357100FD7393 /* Sources */,
				9F6141211DA7357100FD7393 /* Frameworks */,
				9F6141221DA7357100FD7393 /* Resources */,
			);
			buildRules = (
			);
			dependencies = (
				9F6141261DA7357100FD7393 /* PBXTargetDependency */,
			);
			name = "我的新浪Tests";
			productName = "我的新浪Tests";
			productReference = 9F6141241DA7357100FD7393 /* 我的新浪Tests.xctest */;
			productType = "com.apple.product-type.bundle.unit-test";
		};
		9F61412E1DA7357100FD7393 /* 我的新浪UITests */ = {
			isa = PBXNativeTarget;
			buildConfigurationList = 9F61413E1DA7357100FD7393 /* Build configuration list for PBXNativeTarget "我的新浪UITests" */;
			buildPhases = (
				9F61412B1DA7357100FD7393 /* Sources */,
				9F61412C1DA7357100FD7393 /* Frameworks */,
				9F61412D1DA7357100FD7393 /* Resources */,
			);
			buildRules = (
			);
			dependencies = (
				9F6141311DA7357100FD7393 /* PBXTargetDependency */,
			);
			name = "我的新浪UITests";
			productName = "我的新浪UITests";
			productReference = 9F61412F1DA7357100FD7393 /* 我的新浪UITests.xctest */;
			productType = "com.apple.product-type.bundle.ui-testing";
		};
/* End PBXNativeTarget section */

/* Begin PBXProject section */
		9F6141031DA7357100FD7393 /* Project object */ = {
			isa = PBXProject;
			attributes = {
				CLASSPREFIX = ZDC;
				LastUpgradeCheck = 0730;
				ORGANIZATIONNAME = allen;
				TargetAttributes = {
					9F61410A1DA7357100FD7393 = {
						CreatedOnToolsVersion = 7.3.1;
					};
					9F6141231DA7357100FD7393 = {
						CreatedOnToolsVersion = 7.3.1;
						TestTargetID = 9F61410A1DA7357100FD7393;
					};
					9F61412E1DA7357100FD7393 = {
						CreatedOnToolsVersion = 7.3.1;
						TestTargetID = 9F61410A1DA7357100FD7393;
					};
				};
			};
			buildConfigurationList = 9F6141061DA7357100FD7393 /* Build configuration list for PBXProject "我的新浪" */;
			compatibilityVersion = "Xcode 3.2";
			developmentRegion = English;
			hasScannedForEncodings = 0;
			knownRegions = (
				en,
				Base,
			);
			mainGroup = 9F6141021DA7357100FD7393;
			productRefGroup = 9F61410C1DA7357100FD7393 /* Products */;
			projectDirPath = "";
			projectRoot = "";
			targets = (
				9F61410A1DA7357100FD7393 /* 我的新浪 */,
				9F6141231DA7357100FD7393 /* 我的新浪Tests */,
				9F61412E1DA7357100FD7393 /* 我的新浪UITests */,
			);
		};
/* End PBXProject section */

/* Begin PBXResourcesBuildPhase section */
		9F6141091DA7357100FD7393 /* Resources */ = {
			isa = PBXResourcesBuildPhase;
			buildActionMask = 2147483647;
			files = (
				9F61411E1DA7357100FD7393 /* LaunchScreen.storyboard in Resources */,
				9F61411B1DA7357100FD7393 /* Assets.xcassets in Resources */,
			);
			runOnlyForDeploymentPostprocessing = 0;
		};
		9F6141221DA7357100FD7393 /* Resources */ = {
			isa = PBXResourcesBuildPhase;
			buildActionMask = 2147483647;
			files = (
			);
			runOnlyForDeploymentPostprocessing = 0;
		};
		9F61412D1DA7357100FD7393 /* Resources */ = {
			isa = PBXResourcesBuildPhase;
			buildActionMask = 2147483647;
			files = (
			);
			runOnlyForDeploymentPostprocessing = 0;
		};
/* End PBXResourcesBuildPhase section */

/* Begin PBXSourcesBuildPhase section */
		9F6141071DA7357100FD7393 /* Sources */ = {
			isa = PBXSourcesBuildPhase;
			buildActionMask = 2147483647;
			files = (
				9F6141531DA7593400FD7393 /* UIBarButtonItem+Extension.m in Sources */,
				9F6141461DA7422400FD7393 /* ZDCTabBarController.m in Sources */,
				9F6141721DA795D800FD7393 /* ZDCTitleViewController.m in Sources */,
				9F61415E1DA7643900FD7393 /* ZDCMessageViewController.m in Sources */,
				9F61416F1DA78F3B00FD7393 /* ZDCDropdownMenu.m in Sources */,
				9F61416B1DA77DDE00FD7393 /* ZDCSearchBar.m in Sources */,
				9F6141131DA7357100FD7393 /* AppDelegate.m in Sources */,
				9F6141751DA7A51B00FD7393 /* ZDCTabBar.m in Sources */,
				9F61417A1DA7B51B00FD7393 /* ZDCNewFeatrueViewController.m in Sources */,
				9F61415B1DA7640A00FD7393 /* ZDCHomeViewController.m in Sources */,
				9F6141611DA7644700FD7393 /* ZDCDiscoverViewController.m in Sources */,
				9F6141501DA753C000FD7393 /* ZDCNavigationController.m in Sources */,
				9F61414D1DA74F1300FD7393 /* UIView+Extension.m in Sources */,
				9F6141641DA7645200FD7393 /* ZDCProfileViewController.m in Sources */,
				9F6141101DA7357100FD7393 /* main.m in Sources */,
			);
			runOnlyForDeploymentPostprocessing = 0;
		};
		9F6141201DA7357100FD7393 /* Sources */ = {
			isa = PBXSourcesBuildPhase;
			buildActionMask = 2147483647;
			files = (
				9F6141291DA7357100FD7393 /* ____Tests.m in Sources */,
			);
			runOnlyForDeploymentPostprocessing = 0;
		};
		9F61412B1DA7357100FD7393 /* Sources */ = {
			isa = PBXSourcesBuildPhase;
			buildActionMask = 2147483647;
			files = (
				9F6141341DA7357100FD7393 /* ____UITests.m in Sources */,
			);
			runOnlyForDeploymentPostprocessing = 0;
		};
/* End PBXSourcesBuildPhase section */

/* Begin PBXTargetDependency section */
		9F6141261DA7357100FD7393 /* PBXTargetDependency */ = {
			isa = PBXTargetDependency;
			target = 9F61410A1DA7357100FD7393 /* 我的新浪 */;
			targetProxy = 9F6141251DA7357100FD7393 /* PBXContainerItemProxy */;
		};
		9F6141311DA7357100FD7393 /* PBXTargetDependency */ = {
			isa = PBXTargetDependency;
			target = 9F61410A1DA7357100FD7393 /* 我的新浪 */;
			targetProxy = 9F6141301DA7357100FD7393 /* PBXContainerItemProxy */;
		};
/* End PBXTargetDependency section */

/* Begin PBXVariantGroup section */
		9F61411C1DA7357100FD7393 /* LaunchScreen.storyboard */ = {
			isa = PBXVariantGroup;
			children = (
				9F61411D1DA7357100FD7393 /* Base */,
			);
			name = LaunchScreen.storyboard;
			sourceTree = "<group>";
		};
/* End PBXVariantGroup section */

/* Begin XCBuildConfiguration section */
		9F6141361DA7357100FD7393 /* Debug */ = {
			isa = XCBuildConfiguration;
			buildSettings = {
				ALWAYS_SEARCH_USER_PATHS = NO;
				CLANG_ANALYZER_NONNULL = YES;
				CLANG_CXX_LANGUAGE_STANDARD = "gnu++0x";
				CLANG_CXX_LIBRARY = "libc++";
				CLANG_ENABLE_MODULES = YES;
				CLANG_ENABLE_OBJC_ARC = YES;
				CLANG_WARN_BOOL_CONVERSION = YES;
				CLANG_WARN_CONSTANT_CONVERSION = YES;
				CLANG_WARN_DIRECT_OBJC_ISA_USAGE = YES_ERROR;
				CLANG_WARN_EMPTY_BODY = YES;
				CLANG_WARN_ENUM_CONVERSION = YES;
				CLANG_WARN_INT_CONVERSION = YES;
				CLANG_WARN_OBJC_ROOT_CLASS = YES_ERROR;
				CLANG_WARN_UNREACHABLE_CODE = YES;
				CLANG_WARN__DUPLICATE_METHOD_MATCH = YES;
				"CODE_SIGN_IDENTITY[sdk=iphoneos*]" = "iPhone Developer";
				COPY_PHASE_STRIP = NO;
				DEBUG_INFORMATION_FORMAT = dwarf;
				ENABLE_STRICT_OBJC_MSGSEND = YES;
				ENABLE_TESTABILITY = YES;
				GCC_C_LANGUAGE_STANDARD = gnu99;
				GCC_DYNAMIC_NO_PIC = NO;
				GCC_NO_COMMON_BLOCKS = YES;
				GCC_OPTIMIZATION_LEVEL = 0;
				GCC_PREPROCESSOR_DEFINITIONS = (
					"DEBUG=1",
					"$(inherited)",
				);
				GCC_WARN_64_TO_32_BIT_CONVERSION = YES;
				GCC_WARN_ABOUT_RETURN_TYPE = YES_ERROR;
				GCC_WARN_UNDECLARED_SELECTOR = YES;
				GCC_WARN_UNINITIALIZED_AUTOS = YES_AGGRESSIVE;
				GCC_WARN_UNUSED_FUNCTION = YES;
				GCC_WARN_UNUSED_VARIABLE = YES;
				IPHONEOS_DEPLOYMENT_TARGET = 9.3;
				MTL_ENABLE_DEBUG_INFO = YES;
				ONLY_ACTIVE_ARCH = YES;
				SDKROOT = iphoneos;
				TARGETED_DEVICE_FAMILY = "1,2";
			};
			name = Debug;
		};
		9F6141371DA7357100FD7393 /* Release */ = {
			isa = XCBuildConfiguration;
			buildSettings = {
				ALWAYS_SEARCH_USER_PATHS = NO;
				CLANG_ANALYZER_NONNULL = YES;
				CLANG_CXX_LANGUAGE_STANDARD = "gnu++0x";
				CLANG_CXX_LIBRARY = "libc++";
				CLANG_ENABLE_MODULES = YES;
				CLANG_ENABLE_OBJC_ARC = YES;
				CLANG_WARN_BOOL_CONVERSION = YES;
				CLANG_WARN_CONSTANT_CONVERSION = YES;
				CLANG_WARN_DIRECT_OBJC_ISA_USAGE = YES_ERROR;
				CLANG_WARN_EMPTY_BODY = YES;
				CLANG_WARN_ENUM_CONVERSION = YES;
				CLANG_WARN_INT_CONVERSION = YES;
				CLANG_WARN_OBJC_ROOT_CLASS = YES_ERROR;
				CLANG_WARN_UNREACHABLE_CODE = YES;
				CLANG_WARN__DUPLICATE_METHOD_MATCH = YES;
				"CODE_SIGN_IDENTITY[sdk=iphoneos*]" = "iPhone Developer";
				COPY_PHASE_STRIP = NO;
				DEBUG_INFORMATION_FORMAT = "dwarf-with-dsym";
				ENABLE_NS_ASSERTIONS = NO;
				ENABLE_STRICT_OBJC_MSGSEND = YES;
				GCC_C_LANGUAGE_STANDARD = gnu99;
				GCC_NO_COMMON_BLOCKS = YES;
				GCC_WARN_64_TO_32_BIT_CONVERSION = YES;
				GCC_WARN_ABOUT_RETURN_TYPE = YES_ERROR;
				GCC_WARN_UNDECLARED_SELECTOR = YES;
				GCC_WARN_UNINITIALIZED_AUTOS = YES_AGGRESSIVE;
				GCC_WARN_UNUSED_FUNCTION = YES;
				GCC_WARN_UNUSED_VARIABLE = YES;
				IPHONEOS_DEPLOYMENT_TARGET = 9.3;
				MTL_ENABLE_DEBUG_INFO = NO;
				SDKROOT = iphoneos;
				TARGETED_DEVICE_FAMILY = "1,2";
				VALIDATE_PRODUCT = YES;
			};
			name = Release;
		};
		9F6141391DA7357100FD7393 /* Debug */ = {
			isa = XCBuildConfiguration;
			buildSettings = {
				ASSETCATALOG_COMPILER_APPICON_NAME = AppIcon;
				INFOPLIST_FILE = "我的新浪/Info.plist";
				IPHONEOS_DEPLOYMENT_TARGET = 6.0;
				LD_RUNPATH_SEARCH_PATHS = "$(inherited) @executable_path/Frameworks";
				PRODUCT_BUNDLE_IDENTIFIER = "---.----";
				PRODUCT_NAME = "$(TARGET_NAME)";
			};
			name = Debug;
		};
		9F61413A1DA7357100FD7393 /* Release */ = {
			isa = XCBuildConfiguration;
			buildSettings = {
				ASSETCATALOG_COMPILER_APPICON_NAME = AppIcon;
				INFOPLIST_FILE = "我的新浪/Info.plist";
				IPHONEOS_DEPLOYMENT_TARGET = 6.0;
				LD_RUNPATH_SEARCH_PATHS = "$(inherited) @executable_path/Frameworks";
				PRODUCT_BUNDLE_IDENTIFIER = "---.----";
				PRODUCT_NAME = "$(TARGET_NAME)";
			};
			name = Release;
		};
		9F61413C1DA7357100FD7393 /* Debug */ = {
			isa = XCBuildConfiguration;
			buildSettings = {
				BUNDLE_LOADER = "$(TEST_HOST)";
				INFOPLIST_FILE = "我的新浪Tests/Info.plist";
				LD_RUNPATH_SEARCH_PATHS = "$(inherited) @executable_path/Frameworks @loader_path/Frameworks";
				PRODUCT_BUNDLE_IDENTIFIER = "---.----Tests";
				PRODUCT_NAME = "$(TARGET_NAME)";
				TEST_HOST = "$(BUILT_PRODUCTS_DIR)/我的新浪.app/我的新浪";
			};
			name = Debug;
		};
		9F61413D1DA7357100FD7393 /* Release */ = {
			isa = XCBuildConfiguration;
			buildSettings = {
				BUNDLE_LOADER = "$(TEST_HOST)";
				INFOPLIST_FILE = "我的新浪Tests/Info.plist";
				LD_RUNPATH_SEARCH_PATHS = "$(inherited) @executable_path/Frameworks @loader_path/Frameworks";
				PRODUCT_BUNDLE_IDENTIFIER = "---.----Tests";
				PRODUCT_NAME = "$(TARGET_NAME)";
				TEST_HOST = "$(BUILT_PRODUCTS_DIR)/我的新浪.app/我的新浪";
			};
			name = Release;
		};
		9F61413F1DA7357100FD7393 /* Debug */ = {
			isa = XCBuildConfiguration;
			buildSettings = {
				INFOPLIST_FILE = "我的新浪UITests/Info.plist";
				LD_RUNPATH_SEARCH_PATHS = "$(inherited) @executable_path/Frameworks @loader_path/Frameworks";
				PRODUCT_BUNDLE_IDENTIFIER = "---.----UITests";
				PRODUCT_NAME = "$(TARGET_NAME)";
				TEST_TARGET_NAME = "我的新浪";
			};
			name = Debug;
		};
		9F6141401DA7357100FD7393 /* Release */ = {
			isa = XCBuildConfiguration;
			buildSettings = {
				INFOPLIST_FILE = "我的新浪UITests/Info.plist";
				LD_RUNPATH_SEARCH_PATHS = "$(inherited) @executable_path/Frameworks @loader_path/Frameworks";
				PRODUCT_BUNDLE_IDENTIFIER = "---.----UITests";
				PRODUCT_NAME = "$(TARGET_NAME)";
				TEST_TARGET_NAME = "我的新浪";
			};
			name = Release;
		};
/* End XCBuildConfiguration section */

/* Begin XCConfigurationList section */
		9F6141061DA7357100FD7393 /* Build configuration list for PBXProject "我的新浪" */ = {
			isa = XCConfigurationList;
			buildConfigurations = (
				9F6141361DA7357100FD7393 /* Debug */,
				9F6141371DA7357100FD7393 /* Release */,
			);
			defaultConfigurationIsVisible = 0;
			defaultConfigurationName = Release;
		};
		9F6141381DA7357100FD7393 /* Build configuration list for PBXNativeTarget "我的新浪" */ = {
			isa = XCConfigurationList;
			buildConfigurations = (
				9F6141391DA7357100FD7393 /* Debug */,
				9F61413A1DA7357100FD7393 /* Release */,
			);
			defaultConfigurationIsVisible = 0;
			defaultConfigurationName = Release;
		};
		9F61413B1DA7357100FD7393 /* Build configuration list for PBXNativeTarget "我的新浪Tests" */ = {
			isa = XCConfigurationList;
			buildConfigurations = (
				9F61413C1DA7357100FD7393 /* Debug */,
				9F61413D1DA7357100FD7393 /* Release */,
			);
			defaultConfigurationIsVisible = 0;
			defaultConfigurationName = Release;
		};
		9F61413E1DA7357100FD7393 /* Build configuration list for PBXNativeTarget "我的新浪UITests" */ = {
			isa = XCConfigurationList;
			buildConfigurations = (
				9F61413F1DA7357100FD7393 /* Debug */,
				9F6141401DA7357100FD7393 /* Release */,
			);
			defaultConfigurationIsVisible = 0;
			defaultConfigurationName = Release;
		};
/* End XCConfigurationList section */
	};
	rootObject = 9F6141031DA7357100FD7393 /* Project object */;
}
